// !$*UTF8*$!
{
	archiveVersion = 1;
	classes = {
	};
	objectVersion = 50;
	objects = {

/* Begin PBXBuildFile section */
		A308D273229DF936009ED4C0 /* AppDelegate.swift in Sources */ = {isa = PBXBuildFile; fileRef = A308D272229DF936009ED4C0 /* AppDelegate.swift */; };
		A308D275229DF936009ED4C0 /* MapViewController.swift in Sources */ = {isa = PBXBuildFile; fileRef = A308D274229DF936009ED4C0 /* MapViewController.swift */; };
		A308D278229DF936009ED4C0 /* Main.storyboard in Resources */ = {isa = PBXBuildFile; fileRef = A308D276229DF936009ED4C0 /* Main.storyboard */; };
		A308D27B229DF936009ED4C0 /* Jumbi.xcdatamodeld in Sources */ = {isa = PBXBuildFile; fileRef = A308D279229DF936009ED4C0 /* Jumbi.xcdatamodeld */; };
		A308D27D229DF938009ED4C0 /* Assets.xcassets in Resources */ = {isa = PBXBuildFile; fileRef = A308D27C229DF938009ED4C0 /* Assets.xcassets */; };
		A308D280229DF938009ED4C0 /* LaunchScreen.storyboard in Resources */ = {isa = PBXBuildFile; fileRef = A308D27E229DF938009ED4C0 /* LaunchScreen.storyboard */; };
		A310012322A200AC00D1081E /* DetailViewController.swift in Sources */ = {isa = PBXBuildFile; fileRef = A310012222A200AC00D1081E /* DetailViewController.swift */; };
		A354816322A0921700A2D48D /* DesignedView.swift in Sources */ = {isa = PBXBuildFile; fileRef = A354816222A0921700A2D48D /* DesignedView.swift */; };
		D918DBB122A17C43001F22C1 /* JumbiTheme.swift in Sources */ = {isa = PBXBuildFile; fileRef = D918DBB022A17C43001F22C1 /* JumbiTheme.swift */; };
		D918DBB322A18C10001F22C1 /* SearchTableViewController.swift in Sources */ = {isa = PBXBuildFile; fileRef = D918DBB222A18C10001F22C1 /* SearchTableViewController.swift */; };
		D918DBB522A1A9E5001F22C1 /* Trush.swift in Sources */ = {isa = PBXBuildFile; fileRef = D918DBB422A1A9E5001F22C1 /* Trush.swift */; };
		D92D3DE822A8144D009236D7 /* PointOfInterest.swift in Sources */ = {isa = PBXBuildFile; fileRef = D92D3DE722A8144D009236D7 /* PointOfInterest.swift */; };
		D9947F1922A5693500ED730B /* LoginViewController.swift in Sources */ = {isa = PBXBuildFile; fileRef = D9947F1822A5693500ED730B /* LoginViewController.swift */; };
		D9947F1B22A581AB00ED730B /* RegisterViewController.swift in Sources */ = {isa = PBXBuildFile; fileRef = D9947F1A22A581AB00ED730B /* RegisterViewController.swift */; };
/* End PBXBuildFile section */

/* Begin PBXFileReference section */
		A308D26F229DF936009ED4C0 /* Jumbi.app */ = {isa = PBXFileReference; explicitFileType = wrapper.application; includeInIndex = 0; path = Jumbi.app; sourceTree = BUILT_PRODUCTS_DIR; };
		A308D272229DF936009ED4C0 /* AppDelegate.swift */ = {isa = PBXFileReference; lastKnownFileType = sourcecode.swift; path = AppDelegate.swift; sourceTree = "<group>"; };
		A308D274229DF936009ED4C0 /* MapViewController.swift */ = {isa = PBXFileReference; lastKnownFileType = sourcecode.swift; path = MapViewController.swift; sourceTree = "<group>"; };
		A308D277229DF936009ED4C0 /* Base */ = {isa = PBXFileReference; lastKnownFileType = file.storyboard; name = Base; path = Base.lproj/Main.storyboard; sourceTree = "<group>"; };
		A308D27A229DF936009ED4C0 /* Jumbi.xcdatamodel */ = {isa = PBXFileReference; lastKnownFileType = wrapper.xcdatamodel; path = Jumbi.xcdatamodel; sourceTree = "<group>"; };
		A308D27C229DF938009ED4C0 /* Assets.xcassets */ = {isa = PBXFileReference; lastKnownFileType = folder.assetcatalog; path = Assets.xcassets; sourceTree = "<group>"; };
		A308D27F229DF938009ED4C0 /* Base */ = {isa = PBXFileReference; lastKnownFileType = file.storyboard; name = Base; path = Base.lproj/LaunchScreen.storyboard; sourceTree = "<group>"; };
		A308D281229DF938009ED4C0 /* Info.plist */ = {isa = PBXFileReference; lastKnownFileType = text.plist.xml; path = Info.plist; sourceTree = "<group>"; };
		A310012222A200AC00D1081E /* DetailViewController.swift */ = {isa = PBXFileReference; lastKnownFileType = sourcecode.swift; path = DetailViewController.swift; sourceTree = "<group>"; };
		A354816222A0921700A2D48D /* DesignedView.swift */ = {isa = PBXFileReference; lastKnownFileType = sourcecode.swift; path = DesignedView.swift; sourceTree = "<group>"; };
		D918DBB022A17C43001F22C1 /* JumbiTheme.swift */ = {isa = PBXFileReference; lastKnownFileType = sourcecode.swift; path = JumbiTheme.swift; sourceTree = "<group>"; };
		D918DBB222A18C10001F22C1 /* SearchTableViewController.swift */ = {isa = PBXFileReference; lastKnownFileType = sourcecode.swift; path = SearchTableViewController.swift; sourceTree = "<group>"; };
		D918DBB422A1A9E5001F22C1 /* Trush.swift */ = {isa = PBXFileReference; lastKnownFileType = sourcecode.swift; path = Trush.swift; sourceTree = "<group>"; };
		D92D3DE722A8144D009236D7 /* PointOfInterest.swift */ = {isa = PBXFileReference; lastKnownFileType = sourcecode.swift; path = PointOfInterest.swift; sourceTree = "<group>"; };
		D92D3DE922A8312B009236D7 /* Madrid.gpx */ = {isa = PBXFileReference; lastKnownFileType = text.xml; path = Madrid.gpx; sourceTree = "<group>"; };
		D92D3DEB22A83198009236D7 /* Madrid.gpx */ = {isa = PBXFileReference; lastKnownFileType = text.xml; name = Madrid.gpx; path = Jumbi/Helpers/Madrid.gpx; sourceTree = "<group>"; };
		D9947F1822A5693500ED730B /* LoginViewController.swift */ = {isa = PBXFileReference; lastKnownFileType = sourcecode.swift; path = LoginViewController.swift; sourceTree = "<group>"; };
		D9947F1A22A581AB00ED730B /* RegisterViewController.swift */ = {isa = PBXFileReference; lastKnownFileType = sourcecode.swift; path = RegisterViewController.swift; sourceTree = "<group>"; };
/* End PBXFileReference section */

/* Begin PBXFrameworksBuildPhase section */
		A308D26C229DF936009ED4C0 /* Frameworks */ = {
			isa = PBXFrameworksBuildPhase;
			buildActionMask = 2147483647;
			files = (
			);
			runOnlyForDeploymentPostprocessing = 0;
		};
/* End PBXFrameworksBuildPhase section */

/* Begin PBXGroup section */
		A308D266229DF935009ED4C0 = {
			isa = PBXGroup;
			children = (
				D92D3DEB22A83198009236D7 /* Madrid.gpx */,
				A308D271229DF936009ED4C0 /* Jumbi */,
				A308D270229DF936009ED4C0 /* Products */,
			);
			sourceTree = "<group>";
		};
		A308D270229DF936009ED4C0 /* Products */ = {
			isa = PBXGroup;
			children = (
				A308D26F229DF936009ED4C0 /* Jumbi.app */,
			);
			name = Products;
			sourceTree = "<group>";
		};
		A308D271229DF936009ED4C0 /* Jumbi */ = {
			isa = PBXGroup;
			children = (
				D92D3DEA22A8313F009236D7 /* Helpers */,
				A308D272229DF936009ED4C0 /* AppDelegate.swift */,
				A308D27E229DF938009ED4C0 /* LaunchScreen.storyboard */,
				A308D276229DF936009ED4C0 /* Main.storyboard */,
				D918DBB022A17C43001F22C1 /* JumbiTheme.swift */,
				A354816222A0921700A2D48D /* DesignedView.swift */,
				A308D27C229DF938009ED4C0 /* Assets.xcassets */,
				D9947F1822A5693500ED730B /* LoginViewController.swift */,
				D9947F1A22A581AB00ED730B /* RegisterViewController.swift */,
				A308D274229DF936009ED4C0 /* MapViewController.swift */,
				A310012222A200AC00D1081E /* DetailViewController.swift */,
				D918DBB222A18C10001F22C1 /* SearchTableViewController.swift */,
				D918DBB422A1A9E5001F22C1 /* Trush.swift */,
				A308D279229DF936009ED4C0 /* Jumbi.xcdatamodeld */,
				A308D281229DF938009ED4C0 /* Info.plist */,
				D92D3DE722A8144D009236D7 /* PointOfInterest.swift */,
			);
			path = Jumbi;
			sourceTree = "<group>";
		};
		D92D3DEA22A8313F009236D7 /* Helpers */ = {
			isa = PBXGroup;
			children = (
				D92D3DE922A8312B009236D7 /* Madrid.gpx */,
			);
			path = Helpers;
			sourceTree = "<group>";
		};
/* End PBXGroup section */

/* Begin PBXNativeTarget section */
		A308D26E229DF936009ED4C0 /* Jumbi */ = {
			isa = PBXNativeTarget;
			buildConfigurationList = A308D284229DF938009ED4C0 /* Build configuration list for PBXNativeTarget "Jumbi" */;
			buildPhases = (
				A308D26B229DF936009ED4C0 /* Sources */,
				A308D26C229DF936009ED4C0 /* Frameworks */,
				A308D26D229DF936009ED4C0 /* Resources */,
			);
			buildRules = (
			);
			dependencies = (
			);
			name = Jumbi;
			productName = Jumbi;
			productReference = A308D26F229DF936009ED4C0 /* Jumbi.app */;
			productType = "com.apple.product-type.application";
		};
/* End PBXNativeTarget section */

/* Begin PBXProject section */
		A308D267229DF935009ED4C0 /* Project object */ = {
			isa = PBXProject;
			attributes = {
				LastSwiftUpdateCheck = 1020;
				LastUpgradeCheck = 1020;
				ORGANIZATIONNAME = dario;
				TargetAttributes = {
					A308D26E229DF936009ED4C0 = {
						CreatedOnToolsVersion = 10.2.1;
					};
				};
			};
			buildConfigurationList = A308D26A229DF935009ED4C0 /* Build configuration list for PBXProject "Jumbi" */;
			compatibilityVersion = "Xcode 9.3";
			developmentRegion = en;
			hasScannedForEncodings = 0;
			knownRegions = (
				en,
				Base,
			);
			mainGroup = A308D266229DF935009ED4C0;
			productRefGroup = A308D270229DF936009ED4C0 /* Products */;
			projectDirPath = "";
			projectRoot = "";
			targets = (
				A308D26E229DF936009ED4C0 /* Jumbi */,
			);
		};
/* End PBXProject section */

/* Begin PBXResourcesBuildPhase section */
		A308D26D229DF936009ED4C0 /* Resources */ = {
			isa = PBXResourcesBuildPhase;
			buildActionMask = 2147483647;
			files = (
				A308D280229DF938009ED4C0 /* LaunchScreen.storyboard in Resources */,
				A308D27D229DF938009ED4C0 /* Assets.xcassets in Resources */,
				A308D278229DF936009ED4C0 /* Main.storyboard in Resources */,
			);
			runOnlyForDeploymentPostprocessing = 0;
		};
/* End PBXResourcesBuildPhase section */

/* Begin PBXSourcesBuildPhase section */
		A308D26B229DF936009ED4C0 /* Sources */ = {
			isa = PBXSourcesBuildPhase;
			buildActionMask = 2147483647;
			files = (
				D9947F1922A5693500ED730B /* LoginViewController.swift in Sources */,
				D9947F1B22A581AB00ED730B /* RegisterViewController.swift in Sources */,
				D92D3DE822A8144D009236D7 /* PointOfInterest.swift in Sources */,
				D918DBB522A1A9E5001F22C1 /* Trush.swift in Sources */,
				A308D275229DF936009ED4C0 /* MapViewController.swift in Sources */,
				D918DBB322A18C10001F22C1 /* SearchTableViewController.swift in Sources */,
				A308D27B229DF936009ED4C0 /* Jumbi.xcdatamodeld in Sources */,
				D918DBB122A17C43001F22C1 /* JumbiTheme.swift in Sources */,
				A308D273229DF936009ED4C0 /* AppDelegate.swift in Sources */,
				A354816322A0921700A2D48D /* DesignedView.swift in Sources */,
				A310012322A200AC00D1081E /* DetailViewController.swift in Sources */,
			);
			runOnlyForDeploymentPostprocessing = 0;
		};
/* End PBXSourcesBuildPhase section */

/* Begin PBXVariantGroup section */
		A308D276229DF936009ED4C0 /* Main.storyboard */ = {
			isa = PBXVariantGroup;
			children = (
				A308D277229DF936009ED4C0 /* Base */,
			);
			name = Main.storyboard;
			sourceTree = "<group>";
		};
		A308D27E229DF938009ED4C0 /* LaunchScreen.storyboard */ = {
			isa = PBXVariantGroup;
			children = (
				A308D27F229DF938009ED4C0 /* Base */,
			);
			name = LaunchScreen.storyboard;
			sourceTree = "<group>";
		};
/* End PBXVariantGroup section */

/* Begin XCBuildConfiguration section */
		A308D282229DF938009ED4C0 /* Debug */ = {
			isa = XCBuildConfiguration;
			buildSettings = {
				ALWAYS_SEARCH_USER_PATHS = NO;
				CLANG_ANALYZER_NONNULL = YES;
				CLANG_ANALYZER_NUMBER_OBJECT_CONVERSION = YES_AGGRESSIVE;
				CLANG_CXX_LANGUAGE_STANDARD = "gnu++14";
				CLANG_CXX_LIBRARY = "libc++";
				CLANG_ENABLE_MODULES = YES;
				CLANG_ENABLE_OBJC_ARC = YES;
				CLANG_ENABLE_OBJC_WEAK = YES;
				CLANG_WARN_BLOCK_CAPTURE_AUTORELEASING = YES;
				CLANG_WARN_BOOL_CONVERSION = YES;
				CLANG_WARN_COMMA = YES;
				CLANG_WARN_CONSTANT_CONVERSION = YES;
				CLANG_WARN_DEPRECATED_OBJC_IMPLEMENTATIONS = YES;
				CLANG_WARN_DIRECT_OBJC_ISA_USAGE = YES_ERROR;
				CLANG_WARN_DOCUMENTATION_COMMENTS = YES;
				CLANG_WARN_EMPTY_BODY = YES;
				CLANG_WARN_ENUM_CONVERSION = YES;
				CLANG_WARN_INFINITE_RECURSION = YES;
				CLANG_WARN_INT_CONVERSION = YES;
				CLANG_WARN_NON_LITERAL_NULL_CONVERSION = YES;
				CLANG_WARN_OBJC_IMPLICIT_RETAIN_SELF = YES;
				CLANG_WARN_OBJC_LITERAL_CONVERSION = YES;
				CLANG_WARN_OBJC_ROOT_CLASS = YES_ERROR;
				CLANG_WARN_RANGE_LOOP_ANALYSIS = YES;
				CLANG_WARN_STRICT_PROTOTYPES = YES;
				CLANG_WARN_SUSPICIOUS_MOVE = YES;
				CLANG_WARN_UNGUARDED_AVAILABILITY = YES_AGGRESSIVE;
				CLANG_WARN_UNREACHABLE_CODE = YES;
				CLANG_WARN__DUPLICATE_METHOD_MATCH = YES;
				CODE_SIGN_IDENTITY = "iPhone Developer";
				COPY_PHASE_STRIP = NO;
				DEBUG_INFORMATION_FORMAT = dwarf;
				ENABLE_STRICT_OBJC_MSGSEND = YES;
				ENABLE_TESTABILITY = YES;
				GCC_C_LANGUAGE_STANDARD = gnu11;
				GCC_DYNAMIC_NO_PIC = NO;
				GCC_NO_COMMON_BLOCKS = YES;
				GCC_OPTIMIZATION_LEVEL = 0;
				GCC_PREPROCESSOR_DEFINITIONS = (
					"DEBUG=1",
					"$(inherited)",
				);
				GCC_WARN_64_TO_32_BIT_CONVERSION = YES;
				GCC_WARN_ABOUT_RETURN_TYPE = YES_ERROR;
				GCC_WARN_UNDECLARED_SELECTOR = YES;
				GCC_WARN_UNINITIALIZED_AUTOS = YES_AGGRESSIVE;
				GCC_WARN_UNUSED_FUNCTION = YES;
				GCC_WARN_UNUSED_VARIABLE = YES;
				IPHONEOS_DEPLOYMENT_TARGET = 12.2;
				MTL_ENABLE_DEBUG_INFO = INCLUDE_SOURCE;
				MTL_FAST_MATH = YES;
				ONLY_ACTIVE_ARCH = YES;
				SDKROOT = iphoneos;
				SWIFT_ACTIVE_COMPILATION_CONDITIONS = DEBUG;
				SWIFT_OPTIMIZATION_LEVEL = "-Onone";
			};
			name = Debug;
		};
		A308D283229DF938009ED4C0 /* Release */ = {
			isa = XCBuildConfiguration;
			buildSettings = {
				ALWAYS_SEARCH_USER_PATHS = NO;
				CLANG_ANALYZER_NONNULL = YES;
				CLANG_ANALYZER_NUMBER_OBJECT_CONVERSION = YES_AGGRESSIVE;
				CLANG_CXX_LANGUAGE_STANDARD = "gnu++14";
				CLANG_CXX_LIBRARY = "libc++";
				CLANG_ENABLE_MODULES = YES;
				CLANG_ENABLE_OBJC_ARC = YES;
				CLANG_ENABLE_OBJC_WEAK = YES;
				CLANG_WARN_BLOCK_CAPTURE_AUTORELEASING = YES;
				CLANG_WARN_BOOL_CONVERSION = YES;
				CLANG_WARN_COMMA = YES;
				CLANG_WARN_CONSTANT_CONVERSION = YES;
				CLANG_WARN_DEPRECATED_OBJC_IMPLEMENTATIONS = YES;
				CLANG_WARN_DIRECT_OBJC_ISA_USAGE = YES_ERROR;
				CLANG_WARN_DOCUMENTATION_COMMENTS = YES;
				CLANG_WARN_EMPTY_BODY = YES;
				CLANG_WARN_ENUM_CONVERSION = YES;
				CLANG_WARN_INFINITE_RECURSION = YES;
				CLANG_WARN_INT_CONVERSION = YES;
				CLANG_WARN_NON_LITERAL_NULL_CONVERSION = YES;
				CLANG_WARN_OBJC_IMPLICIT_RETAIN_SELF = YES;
				CLANG_WARN_OBJC_LITERAL_CONVERSION = YES;
				CLANG_WARN_OBJC_ROOT_CLASS = YES_ERROR;
				CLANG_WARN_RANGE_LOOP_ANALYSIS = YES;
				CLANG_WARN_STRICT_PROTOTYPES = YES;
				CLANG_WARN_SUSPICIOUS_MOVE = YES;
				CLANG_WARN_UNGUARDED_AVAILABILITY = YES_AGGRESSIVE;
				CLANG_WARN_UNREACHABLE_CODE = YES;
				CLANG_WARN__DUPLICATE_METHOD_MATCH = YES;
				CODE_SIGN_IDENTITY = "iPhone Developer";
				COPY_PHASE_STRIP = NO;
				DEBUG_INFORMATION_FORMAT = "dwarf-with-dsym";
				ENABLE_NS_ASSERTIONS = NO;
				ENABLE_STRICT_OBJC_MSGSEND = YES;
				GCC_C_LANGUAGE_STANDARD = gnu11;
				GCC_NO_COMMON_BLOCKS = YES;
				GCC_WARN_64_TO_32_BIT_CONVERSION = YES;
				GCC_WARN_ABOUT_RETURN_TYPE = YES_ERROR;
				GCC_WARN_UNDECLARED_SELECTOR = YES;
				GCC_WARN_UNINITIALIZED_AUTOS = YES_AGGRESSIVE;
				GCC_WARN_UNUSED_FUNCTION = YES;
				GCC_WARN_UNUSED_VARIABLE = YES;
				IPHONEOS_DEPLOYMENT_TARGET = 12.2;
				MTL_ENABLE_DEBUG_INFO = NO;
				MTL_FAST_MATH = YES;
				SDKROOT = iphoneos;
				SWIFT_COMPILATION_MODE = wholemodule;
				SWIFT_OPTIMIZATION_LEVEL = "-O";
				VALIDATE_PRODUCT = YES;
			};
			name = Release;
		};
		A308D285229DF938009ED4C0 /* Debug */ = {
			isa = XCBuildConfiguration;
			buildSettings = {
				ASSETCATALOG_COMPILER_APPICON_NAME = AppIcon;
				CODE_SIGN_STYLE = Automatic;
				INFOPLIST_FILE = Jumbi/Info.plist;
				LD_RUNPATH_SEARCH_PATHS = (
					"$(inherited)",
					"@executable_path/Frameworks",
				);
				PRODUCT_BUNDLE_IDENTIFIER = dario.Jumbi;
				PRODUCT_NAME = "$(TARGET_NAME)";
				SWIFT_VERSION = 5.0;
				TARGETED_DEVICE_FAMILY = "1,2";
			};
			name = Debug;
		};
		A308D286229DF938009ED4C0 /* Release */ = {
			isa = XCBuildConfiguration;
			buildSettings = {
				ASSETCATALOG_COMPILER_APPICON_NAME = AppIcon;
				CODE_SIGN_STYLE = Automatic;
				INFOPLIST_FILE = Jumbi/Info.plist;
				LD_RUNPATH_SEARCH_PATHS = (
					"$(inherited)",
					"@executable_path/Frameworks",
				);
				PRODUCT_BUNDLE_IDENTIFIER = dario.Jumbi;
				PRODUCT_NAME = "$(TARGET_NAME)";
				SWIFT_VERSION = 5.0;
				TARGETED_DEVICE_FAMILY = "1,2";
			};
			name = Release;
		};
/* End XCBuildConfiguration section */

/* Begin XCConfigurationList section */
		A308D26A229DF935009ED4C0 /* Build configuration list for PBXProject "Jumbi" */ = {
			isa = XCConfigurationList;
			buildConfigurations = (
				A308D282229DF938009ED4C0 /* Debug */,
				A308D283229DF938009ED4C0 /* Release */,
			);
			defaultConfigurationIsVisible = 0;
			defaultConfigurationName = Release;
		};
		A308D284229DF938009ED4C0 /* Build configuration list for PBXNativeTarget "Jumbi" */ = {
			isa = XCConfigurationList;
			buildConfigurations = (
				A308D285229DF938009ED4C0 /* Debug */,
				A308D286229DF938009ED4C0 /* Release */,
			);
			defaultConfigurationIsVisible = 0;
			defaultConfigurationName = Release;
		};
/* End XCConfigurationList section */

/* Begin XCVersionGroup section */
		A308D279229DF936009ED4C0 /* Jumbi.xcdatamodeld */ = {
			isa = XCVersionGroup;
			children = (
				A308D27A229DF936009ED4C0 /* Jumbi.xcdatamodel */,
			);
			currentVersion = A308D27A229DF936009ED4C0 /* Jumbi.xcdatamodel */;
			path = Jumbi.xcdatamodeld;
			sourceTree = "<group>";
			versionGroupType = wrapper.xcdatamodel;
		};
/* End XCVersionGroup section */
	};
	rootObject = A308D267229DF935009ED4C0 /* Project object */;
}
